
Microsoft Visual Studio Solution File, Format Version 12.00
# Visual Studio Version 17
VisualStudioVersion = 17.11.35208.52
MinimumVisualStudioVersion = 10.0.40219.1
Project("{9A19103F-16F7-4668-BE54-9A1E7A4F7556}") = "CodeExercise.Core", "CodeExercise.Domain\CodeExercise.Core.csproj", "{417891BC-F5C3-4D58-B3B1-49F6E212EB23}"
EndProject
Project("{9A19103F-16F7-4668-BE54-9A1E7A4F7556}") = "CodeExercise.Application", "CodeExercise.Application\CodeExercise.Application.csproj", "{02455190-F883-4AC4-888C-992D80846D18}"
EndProject
Project("{9A19103F-16F7-4668-BE54-9A1E7A4F7556}") = "CodeExercise.Infrastructure", "CodeExercise.Infrastructure\CodeExercise.Infrastructure.csproj", "{99600456-ECFF-4159-8194-CA68D43B465D}"
EndProject
Project("{9A19103F-16F7-4668-BE54-9A1E7A4F7556}") = "CodeExercise.API", "CodeExercise.API\CodeExercise.API.csproj", "{F2F6142F-7AC6-4EE0-A651-2A80BBB91F64}"
EndProject
Project("{FAE04EC0-301F-11D3-BF4B-00C04F79EFBC}") = "CodeExerciseManager.API", "CodeExerciseManager.API\CodeExerciseManager.API.csproj", "{E4BEC5C9-0223-474F-8E86-37F5B5BB4221}"
EndProject
Global
	GlobalSection(SolutionConfigurationPlatforms) = preSolution
		Debug|Any CPU = Debug|Any CPU
		Release|Any CPU = Release|Any CPU
	EndGlobalSection
	GlobalSection(ProjectConfigurationPlatforms) = postSolution
		{417891BC-F5C3-4D58-B3B1-49F6E212EB23}.Debug|Any CPU.ActiveCfg = Debug|Any CPU
		{417891BC-F5C3-4D58-B3B1-49F6E212EB23}.Debug|Any CPU.Build.0 = Debug|Any CPU
		{417891BC-F5C3-4D58-B3B1-49F6E212EB23}.Release|Any CPU.ActiveCfg = Release|Any CPU
		{417891BC-F5C3-4D58-B3B1-49F6E212EB23}.Release|Any CPU.Build.0 = Release|Any CPU
		{02455190-F883-4AC4-888C-992D80846D18}.Debug|Any CPU.ActiveCfg = Debug|Any CPU
		{02455190-F883-4AC4-888C-992D80846D18}.Debug|Any CPU.Build.0 = Debug|Any CPU
		{02455190-F883-4AC4-888C-992D80846D18}.Release|Any CPU.ActiveCfg = Release|Any CPU
		{02455190-F883-4AC4-888C-992D80846D18}.Release|Any CPU.Build.0 = Release|Any CPU
		{99600456-ECFF-4159-8194-CA68D43B465D}.Debug|Any CPU.ActiveCfg = Debug|Any CPU
		{99600456-ECFF-4159-8194-CA68D43B465D}.Debug|Any CPU.Build.0 = Debug|Any CPU
		{99600456-ECFF-4159-8194-CA68D43B465D}.Release|Any CPU.ActiveCfg = Release|Any CPU
		{99600456-ECFF-4159-8194-CA68D43B465D}.Release|Any CPU.Build.0 = Release|Any CPU
		{F2F6142F-7AC6-4EE0-A651-2A80BBB91F64}.Debug|Any CPU.ActiveCfg = Debug|Any CPU
		{F2F6142F-7AC6-4EE0-A651-2A80BBB91F64}.Debug|Any CPU.Build.0 = Debug|Any CPU
		{F2F6142F-7AC6-4EE0-A651-2A80BBB91F64}.Release|Any CPU.ActiveCfg = Release|Any CPU
		{F2F6142F-7AC6-4EE0-A651-2A80BBB91F64}.Release|Any CPU.Build.0 = Release|Any CPU
		{E4BEC5C9-0223-474F-8E86-37F5B5BB4221}.Debug|Any CPU.ActiveCfg = Debug|Any CPU
		{E4BEC5C9-0223-474F-8E86-37F5B5BB4221}.Debug|Any CPU.Build.0 = Debug|Any CPU
		{E4BEC5C9-0223-474F-8E86-37F5B5BB4221}.Release|Any CPU.ActiveCfg = Release|Any CPU
		{E4BEC5C9-0223-474F-8E86-37F5B5BB4221}.Release|Any CPU.Build.0 = Release|Any CPU
	EndGlobalSection
	GlobalSection(SolutionProperties) = preSolution
		HideSolutionNode = FALSE
	EndGlobalSection
	GlobalSection(ExtensibilityGlobals) = postSolution
		SolutionGuid = {3FC36108-AFAD-436A-BF05-E41A14410A62}
	EndGlobalSection
EndGlobal
